
Microsoft Visual Studio Solution File, Format Version 12.00
# Visual Studio 15
VisualStudioVersion = 15.0.28307.902
MinimumVisualStudioVersion = 10.0.40219.1
Project("{FAE04EC0-301F-11D3-BF4B-00C04F79EFBC}") = "xadrez-console", "xadrez-console\xadrez-console.csproj", "{B81100C3-8713-4A47-99E6-F6A95BB4ECED}"
EndProject
Global
	GlobalSection(SolutionConfigurationPlatforms) = preSolution
		Debug|Any CPU = Debug|Any CPU
		Release|Any CPU = Release|Any CPU
	EndGlobalSection
	GlobalSection(ProjectConfigurationPlatforms) = postSolution
		{B81100C3-8713-4A47-99E6-F6A95BB4ECED}.Debug|Any CPU.ActiveCfg = Debug|Any CPU
		{B81100C3-8713-4A47-99E6-F6A95BB4ECED}.Debug|Any CPU.Build.0 = Debug|Any CPU
		{B81100C3-8713-4A47-99E6-F6A95BB4ECED}.Release|Any CPU.ActiveCfg = Release|Any CPU
		{B81100C3-8713-4A47-99E6-F6A95BB4ECED}.Release|Any CPU.Build.0 = Release|Any CPU
	EndGlobalSection
	GlobalSection(SolutionProperties) = preSolution
		HideSolutionNode = FALSE
	EndGlobalSection
	GlobalSection(ExtensibilityGlobals) = postSolution
		SolutionGuid = {96C6586B-9C82-48EC-A32B-03FCE1DC8EBE}
	EndGlobalSection
EndGlobal
